
Microsoft Visual Studio Solution File, Format Version 12.00
# Visual Studio 15
VisualStudioVersion = 15.0.26730.16
MinimumVisualStudioVersion = 10.0.40219.1
Project("{FAE04EC0-301F-11D3-BF4B-00C04F79EFBC}") = "Clothes Factory", "Clothes Factory\Clothes Factory.csproj", "{DA56F98D-4448-4150-8910-09E08CFDDA6D}"
EndProject
Global
	GlobalSection(SolutionConfigurationPlatforms) = preSolution
		Debug|Any CPU = Debug|Any CPU
		Release|Any CPU = Release|Any CPU
	EndGlobalSection
	GlobalSection(ProjectConfigurationPlatforms) = postSolution
		{DA56F98D-4448-4150-8910-09E08CFDDA6D}.Debug|Any CPU.ActiveCfg = Debug|Any CPU
		{DA56F98D-4448-4150-8910-09E08CFDDA6D}.Debug|Any CPU.Build.0 = Debug|Any CPU
		{DA56F98D-4448-4150-8910-09E08CFDDA6D}.Release|Any CPU.ActiveCfg = Release|Any CPU
		{DA56F98D-4448-4150-8910-09E08CFDDA6D}.Release|Any CPU.Build.0 = Release|Any CPU
	EndGlobalSection
	GlobalSection(SolutionProperties) = preSolution
		HideSolutionNode = FALSE
	EndGlobalSection
	GlobalSection(ExtensibilityGlobals) = postSolution
		SolutionGuid = {FCB3BB27-2AE1-4795-A66A-E6317E54F0BF}
	EndGlobalSection
EndGlobal
